// !$*UTF8*$!
{
	archiveVersion = 1;
	classes = {
	};
	objectVersion = 48;
	objects = {

/* Begin PBXBuildFile section */
		188E3A561FDD14E0003A9D4D /* AppDelegate.swift in Sources */ = {isa = PBXBuildFile; fileRef = 188E3A551FDD14E0003A9D4D /* AppDelegate.swift */; };
		188E3A581FDD14E0003A9D4D /* ViewController.swift in Sources */ = {isa = PBXBuildFile; fileRef = 188E3A571FDD14E0003A9D4D /* ViewController.swift */; };
		188E3A5B1FDD14E0003A9D4D /* Main.storyboard in Resources */ = {isa = PBXBuildFile; fileRef = 188E3A591FDD14E0003A9D4D /* Main.storyboard */; };
		188E3A5D1FDD14E0003A9D4D /* Assets.xcassets in Resources */ = {isa = PBXBuildFile; fileRef = 188E3A5C1FDD14E0003A9D4D /* Assets.xcassets */; };
		188E3A601FDD14E0003A9D4D /* LaunchScreen.storyboard in Resources */ = {isa = PBXBuildFile; fileRef = 188E3A5E1FDD14E0003A9D4D /* LaunchScreen.storyboard */; };
/* End PBXBuildFile section */

/* Begin PBXFileReference section */
		188E3A521FDD14E0003A9D4D /* Funny Number.app */ = {isa = PBXFileReference; explicitFileType = wrapper.application; includeInIndex = 0; path = "Funny Number.app"; sourceTree = BUILT_PRODUCTS_DIR; };
		188E3A551FDD14E0003A9D4D /* AppDelegate.swift */ = {isa = PBXFileReference; lastKnownFileType = sourcecode.swift; path = AppDelegate.swift; sourceTree = "<group>"; };
		188E3A571FDD14E0003A9D4D /* ViewController.swift */ = {isa = PBXFileReference; lastKnownFileType = sourcecode.swift; path = ViewController.swift; sourceTree = "<group>"; };
		188E3A5A1FDD14E0003A9D4D /* Base */ = {isa = PBXFileReference; lastKnownFileType = file.storyboard; name = Base; path = Base.lproj/Main.storyboard; sourceTree = "<group>"; };
		188E3A5C1FDD14E0003A9D4D /* Assets.xcassets */ = {isa = PBXFileReference; lastKnownFileType = folder.assetcatalog; path = Assets.xcassets; sourceTree = "<group>"; };
		188E3A5F1FDD14E0003A9D4D /* Base */ = {isa = PBXFileReference; lastKnownFileType = file.storyboard; name = Base; path = Base.lproj/LaunchScreen.storyboard; sourceTree = "<group>"; };
		188E3A611FDD14E0003A9D4D /* Info.plist */ = {isa = PBXFileReference; lastKnownFileType = text.plist.xml; path = Info.plist; sourceTree = "<group>"; };
/* End PBXFileReference section */

/* Begin PBXFrameworksBuildPhase section */
		188E3A4F1FDD14DF003A9D4D /* Frameworks */ = {
			isa = PBXFrameworksBuildPhase;
			buildActionMask = 2147483647;
			files = (
			);
			runOnlyForDeploymentPostprocessing = 0;
		};
/* End PBXFrameworksBuildPhase section */

/* Begin PBXGroup section */
		188E3A491FDD14DF003A9D4D = {
			isa = PBXGroup;
			children = (
				188E3A541FDD14E0003A9D4D /* Funny Number */,
				188E3A531FDD14E0003A9D4D /* Products */,
			);
			sourceTree = "<group>";
		};
		188E3A531FDD14E0003A9D4D /* Products */ = {
			isa = PBXGroup;
			children = (
				188E3A521FDD14E0003A9D4D /* Funny Number.app */,
			);
			name = Products;
			sourceTree = "<group>";
		};
		188E3A541FDD14E0003A9D4D /* Funny Number */ = {
			isa = PBXGroup;
			children = (
				188E3A551FDD14E0003A9D4D /* AppDelegate.swift */,
				188E3A571FDD14E0003A9D4D /* ViewController.swift */,
				188E3A591FDD14E0003A9D4D /* Main.storyboard */,
				188E3A5C1FDD14E0003A9D4D /* Assets.xcassets */,
				188E3A5E1FDD14E0003A9D4D /* LaunchScreen.storyboard */,
				188E3A611FDD14E0003A9D4D /* Info.plist */,
			);
			path = "Funny Number";
			sourceTree = "<group>";
		};
/* End PBXGroup section */

/* Begin PBXNativeTarget section */
		188E3A511FDD14DF003A9D4D /* Funny Number */ = {
			isa = PBXNativeTarget;
			buildConfigurationList = 188E3A641FDD14E0003A9D4D /* Build configuration list for PBXNativeTarget "Funny Number" */;
			buildPhases = (
				188E3A4E1FDD14DF003A9D4D /* Sources */,
				188E3A4F1FDD14DF003A9D4D /* Frameworks */,
				188E3A501FDD14DF003A9D4D /* Resources */,
			);
			buildRules = (
			);
			dependencies = (
			);
			name = "Funny Number";
			productName = "Funny Number";
			productReference = 188E3A521FDD14E0003A9D4D /* Funny Number.app */;
			productType = "com.apple.product-type.application";
		};
/* End PBXNativeTarget section */

/* Begin PBXProject section */
		188E3A4A1FDD14DF003A9D4D /* Project object */ = {
			isa = PBXProject;
			attributes = {
				LastSwiftUpdateCheck = 0910;
				LastUpgradeCheck = 0910;
				ORGANIZATIONNAME = Boss;
				TargetAttributes = {
					188E3A511FDD14DF003A9D4D = {
						CreatedOnToolsVersion = 9.1;
						ProvisioningStyle = Automatic;
					};
				};
			};
			buildConfigurationList = 188E3A4D1FDD14DF003A9D4D /* Build configuration list for PBXProject "Funny Number" */;
			compatibilityVersion = "Xcode 8.0";
			developmentRegion = en;
			hasScannedForEncodings = 0;
			knownRegions = (
				en,
				Base,
			);
			mainGroup = 188E3A491FDD14DF003A9D4D;
			productRefGroup = 188E3A531FDD14E0003A9D4D /* Products */;
			projectDirPath = "";
			projectRoot = "";
			targets = (
				188E3A511FDD14DF003A9D4D /* Funny Number */,
			);
		};
/* End PBXProject section */

/* Begin PBXResourcesBuildPhase section */
		188E3A501FDD14DF003A9D4D /* Resources */ = {
			isa = PBXResourcesBuildPhase;
			buildActionMask = 2147483647;
			files = (
				188E3A601FDD14E0003A9D4D /* LaunchScreen.storyboard in Resources */,
				188E3A5D1FDD14E0003A9D4D /* Assets.xcassets in Resources */,
				188E3A5B1FDD14E0003A9D4D /* Main.storyboard in Resources */,
			);
			runOnlyForDeploymentPostprocessing = 0;
		};
/* End PBXResourcesBuildPhase section */

/* Begin PBXSourcesBuildPhase section */
		188E3A4E1FDD14DF003A9D4D /* Sources */ = {
			isa = PBXSourcesBuildPhase;
			buildActionMask = 2147483647;
			files = (
				188E3A581FDD14E0003A9D4D /* ViewController.swift in Sources */,
				188E3A561FDD14E0003A9D4D /* AppDelegate.swift in Sources */,
			);
			runOnlyForDeploymentPostprocessing = 0;
		};
/* End PBXSourcesBuildPhase section */

/* Begin PBXVariantGroup section */
		188E3A591FDD14E0003A9D4D /* Main.storyboard */ = {
			isa = PBXVariantGroup;
			children = (
				188E3A5A1FDD14E0003A9D4D /* Base */,
			);
			name = Main.storyboard;
			sourceTree = "<group>";
		};
		188E3A5E1FDD14E0003A9D4D /* LaunchScreen.storyboard */ = {
			isa = PBXVariantGroup;
			children = (
				188E3A5F1FDD14E0003A9D4D /* Base */,
			);
			name = LaunchScreen.storyboard;
			sourceTree = "<group>";
		};
/* End PBXVariantGroup section */

/* Begin XCBuildConfiguration section */
		188E3A621FDD14E0003A9D4D /* Debug */ = {
			isa = XCBuildConfiguration;
			buildSettings = {
				ALWAYS_SEARCH_USER_PATHS = NO;
				CLANG_ANALYZER_NONNULL = YES;
				CLANG_ANALYZER_NUMBER_OBJECT_CONVERSION = YES_AGGRESSIVE;
				CLANG_CXX_LANGUAGE_STANDARD = "gnu++14";
				CLANG_CXX_LIBRARY = "libc++";
				CLANG_ENABLE_MODULES = YES;
				CLANG_ENABLE_OBJC_ARC = YES;
				CLANG_WARN_BLOCK_CAPTURE_AUTORELEASING = YES;
				CLANG_WARN_BOOL_CONVERSION = YES;
				CLANG_WARN_COMMA = YES;
				CLANG_WARN_CONSTANT_CONVERSION = YES;
				CLANG_WARN_DIRECT_OBJC_ISA_USAGE = YES_ERROR;
				CLANG_WARN_DOCUMENTATION_COMMENTS = YES;
				CLANG_WARN_EMPTY_BODY = YES;
				CLANG_WARN_ENUM_CONVERSION = YES;
				CLANG_WARN_INFINITE_RECURSION = YES;
				CLANG_WARN_INT_CONVERSION = YES;
				CLANG_WARN_NON_LITERAL_NULL_CONVERSION = YES;
				CLANG_WARN_OBJC_LITERAL_CONVERSION = YES;
				CLANG_WARN_OBJC_ROOT_CLASS = YES_ERROR;
				CLANG_WARN_RANGE_LOOP_ANALYSIS = YES;
				CLANG_WARN_STRICT_PROTOTYPES = YES;
				CLANG_WARN_SUSPICIOUS_MOVE = YES;
				CLANG_WARN_UNGUARDED_AVAILABILITY = YES_AGGRESSIVE;
				CLANG_WARN_UNREACHABLE_CODE = YES;
				CLANG_WARN__DUPLICATE_METHOD_MATCH = YES;
				CODE_SIGN_IDENTITY = "iPhone Developer";
				COPY_PHASE_STRIP = NO;
				DEBUG_INFORMATION_FORMAT = dwarf;
				ENABLE_STRICT_OBJC_MSGSEND = YES;
				ENABLE_TESTABILITY = YES;
				GCC_C_LANGUAGE_STANDARD = gnu11;
				GCC_DYNAMIC_NO_PIC = NO;
				GCC_NO_COMMON_BLOCKS = YES;
				GCC_OPTIMIZATION_LEVEL = 0;
				GCC_PREPROCESSOR_DEFINITIONS = (
					"DEBUG=1",
					"$(inherited)",
				);
				GCC_WARN_64_TO_32_BIT_CONVERSION = YES;
				GCC_WARN_ABOUT_RETURN_TYPE = YES_ERROR;
				GCC_WARN_UNDECLARED_SELECTOR = YES;
				GCC_WARN_UNINITIALIZED_AUTOS = YES_AGGRESSIVE;
				GCC_WARN_UNUSED_FUNCTION = YES;
				GCC_WARN_UNUSED_VARIABLE = YES;
				IPHONEOS_DEPLOYMENT_TARGET = 11.1;
				MTL_ENABLE_DEBUG_INFO = YES;
				ONLY_ACTIVE_ARCH = YES;
				SDKROOT = iphoneos;
				SWIFT_ACTIVE_COMPILATION_CONDITIONS = DEBUG;
				SWIFT_OPTIMIZATION_LEVEL = "-Onone";
			};
			name = Debug;
		};
		188E3A631FDD14E0003A9D4D /* Release */ = {
			isa = XCBuildConfiguration;
			buildSettings = {
				ALWAYS_SEARCH_USER_PATHS = NO;
				CLANG_ANALYZER_NONNULL = YES;
				CLANG_ANALYZER_NUMBER_OBJECT_CONVERSION = YES_AGGRESSIVE;
				CLANG_CXX_LANGUAGE_STANDARD = "gnu++14";
				CLANG_CXX_LIBRARY = "libc++";
				CLANG_ENABLE_MODULES = YES;
				CLANG_ENABLE_OBJC_ARC = YES;
				CLANG_WARN_BLOCK_CAPTURE_AUTORELEASING = YES;
				CLANG_WARN_BOOL_CONVERSION = YES;
				CLANG_WARN_COMMA = YES;
				CLANG_WARN_CONSTANT_CONVERSION = YES;
				CLANG_WARN_DIRECT_OBJC_ISA_USAGE = YES_ERROR;
				CLANG_WARN_DOCUMENTATION_COMMENTS = YES;
				CLANG_WARN_EMPTY_BODY = YES;
				CLANG_WARN_ENUM_CONVERSION = YES;
				CLANG_WARN_INFINITE_RECURSION = YES;
				CLANG_WARN_INT_CONVERSION = YES;
				CLANG_WARN_NON_LITERAL_NULL_CONVERSION = YES;
				CLANG_WARN_OBJC_LITERAL_CONVERSION = YES;
				CLANG_WARN_OBJC_ROOT_CLASS = YES_ERROR;
				CLANG_WARN_RANGE_LOOP_ANALYSIS = YES;
				CLANG_WARN_STRICT_PROTOTYPES = YES;
				CLANG_WARN_SUSPICIOUS_MOVE = YES;
				CLANG_WARN_UNGUARDED_AVAILABILITY = YES_AGGRESSIVE;
				CLANG_WARN_UNREACHABLE_CODE = YES;
				CLANG_WARN__DUPLICATE_METHOD_MATCH = YES;
				CODE_SIGN_IDENTITY = "iPhone Developer";
				COPY_PHASE_STRIP = NO;
				DEBUG_INFORMATION_FORMAT = "dwarf-with-dsym";
				ENABLE_NS_ASSERTIONS = NO;
				ENABLE_STRICT_OBJC_MSGSEND = YES;
				GCC_C_LANGUAGE_STANDARD = gnu11;
				GCC_NO_COMMON_BLOCKS = YES;
				GCC_WARN_64_TO_32_BIT_CONVERSION = YES;
				GCC_WARN_ABOUT_RETURN_TYPE = YES_ERROR;
				GCC_WARN_UNDECLARED_SELECTOR = YES;
				GCC_WARN_UNINITIALIZED_AUTOS = YES_AGGRESSIVE;
				GCC_WARN_UNUSED_FUNCTION = YES;
				GCC_WARN_UNUSED_VARIABLE = YES;
				IPHONEOS_DEPLOYMENT_TARGET = 11.1;
				MTL_ENABLE_DEBUG_INFO = NO;
				SDKROOT = iphoneos;
				SWIFT_OPTIMIZATION_LEVEL = "-Owholemodule";
				VALIDATE_PRODUCT = YES;
			};
			name = Release;
		};
		188E3A651FDD14E0003A9D4D /* Debug */ = {
			isa = XCBuildConfiguration;
			buildSettings = {
				ASSETCATALOG_COMPILER_APPICON_NAME = AppIcon;
				CODE_SIGN_STYLE = Automatic;
				INFOPLIST_FILE = "Funny Number/Info.plist";
				LD_RUNPATH_SEARCH_PATHS = "$(inherited) @executable_path/Frameworks";
				PRODUCT_BUNDLE_IDENTIFIER = "com.tphitakgul.Funny-Number";
				PRODUCT_NAME = "$(TARGET_NAME)";
				SWIFT_VERSION = 4.0;
				TARGETED_DEVICE_FAMILY = "1,2";
			};
			name = Debug;
		};
		188E3A661FDD14E0003A9D4D /* Release */ = {
			isa = XCBuildConfiguration;
			buildSettings = {
				ASSETCATALOG_COMPILER_APPICON_NAME = AppIcon;
				CODE_SIGN_STYLE = Automatic;
				INFOPLIST_FILE = "Funny Number/Info.plist";
				LD_RUNPATH_SEARCH_PATHS = "$(inherited) @executable_path/Frameworks";
				PRODUCT_BUNDLE_IDENTIFIER = "com.tphitakgul.Funny-Number";
				PRODUCT_NAME = "$(TARGET_NAME)";
				SWIFT_VERSION = 4.0;
				TARGETED_DEVICE_FAMILY = "1,2";
			};
			name = Release;
		};
/* End XCBuildConfiguration section */

/* Begin XCConfigurationList section */
		188E3A4D1FDD14DF003A9D4D /* Build configuration list for PBXProject "Funny Number" */ = {
			isa = XCConfigurationList;
			buildConfigurations = (
				188E3A621FDD14E0003A9D4D /* Debug */,
				188E3A631FDD14E0003A9D4D /* Release */,
			);
			defaultConfigurationIsVisible = 0;
			defaultConfigurationName = Release;
		};
		188E3A641FDD14E0003A9D4D /* Build configuration list for PBXNativeTarget "Funny Number" */ = {
			isa = XCConfigurationList;
			buildConfigurations = (
				188E3A651FDD14E0003A9D4D /* Debug */,
				188E3A661FDD14E0003A9D4D /* Release */,
			);
			defaultConfigurationIsVisible = 0;
			defaultConfigurationName = Release;
		};
/* End XCConfigurationList section */
	};
	rootObject = 188E3A4A1FDD14DF003A9D4D /* Project object */;
}
